// !$*UTF8*$!
{
	archiveVersion = 1;
	classes = {
	};
	objectVersion = 46;
	objects = {

/* Begin PBXBuildFile section */
		2818191713FB9C70007F4D44 /* UIKit.framework in Frameworks */ = {isa = PBXBuildFile; fileRef = 2818191613FB9C70007F4D44 /* UIKit.framework */; };
		2818191913FB9C70007F4D44 /* Foundation.framework in Frameworks */ = {isa = PBXBuildFile; fileRef = 2818191813FB9C70007F4D44 /* Foundation.framework */; };
		2818191B13FB9C70007F4D44 /* CoreData.framework in Frameworks */ = {isa = PBXBuildFile; fileRef = 2818191A13FB9C70007F4D44 /* CoreData.framework */; };
		2818192113FB9C70007F4D44 /* InfoPlist.strings in Resources */ = {isa = PBXBuildFile; fileRef = 2818191F13FB9C70007F4D44 /* InfoPlist.strings */; };
		2818192313FB9C70007F4D44 /* main.m in Sources */ = {isa = PBXBuildFile; fileRef = 2818192213FB9C70007F4D44 /* main.m */; };
		2818192713FB9C70007F4D44 /* AppDelegate.m in Sources */ = {isa = PBXBuildFile; fileRef = 2818192613FB9C70007F4D44 /* AppDelegate.m */; };
		2818192A13FB9C70007F4D44 /* iTrackMe2.xcdatamodeld in Sources */ = {isa = PBXBuildFile; fileRef = 2818192813FB9C70007F4D44 /* iTrackMe2.xcdatamodeld */; };
		2818192D13FB9C70007F4D44 /* MainViewController.m in Sources */ = {isa = PBXBuildFile; fileRef = 2818192C13FB9C70007F4D44 /* MainViewController.m */; };
		2818193313FB9C70007F4D44 /* MainViewController_iPhone.xib in Resources */ = {isa = PBXBuildFile; fileRef = 2818193113FB9C70007F4D44 /* MainViewController_iPhone.xib */; };
		2818193613FB9C70007F4D44 /* MainViewController_iPad.xib in Resources */ = {isa = PBXBuildFile; fileRef = 2818193413FB9C70007F4D44 /* MainViewController_iPad.xib */; };
		2818194313FB9CDE007F4D44 /* CoreLocation.framework in Frameworks */ = {isa = PBXBuildFile; fileRef = 2818194213FB9CDE007F4D44 /* CoreLocation.framework */; };
		28241BFD1778321B00969ED2 /* XCTest.framework in Frameworks */ = {isa = PBXBuildFile; fileRef = 28241BFC1778321B00969ED2 /* XCTest.framework */; };
		28241BFE1778321B00969ED2 /* Foundation.framework in Frameworks */ = {isa = PBXBuildFile; fileRef = 2818191813FB9C70007F4D44 /* Foundation.framework */; };
		28241BFF1778321B00969ED2 /* UIKit.framework in Frameworks */ = {isa = PBXBuildFile; fileRef = 2818191613FB9C70007F4D44 /* UIKit.framework */; };
		28241C051778321B00969ED2 /* InfoPlist.strings in Resources */ = {isa = PBXBuildFile; fileRef = 28241C031778321B00969ED2 /* InfoPlist.strings */; };
		28241C071778321B00969ED2 /* EPIC_TrackMe_Tests.m in Sources */ = {isa = PBXBuildFile; fileRef = 28241C061778321B00969ED2 /* EPIC_TrackMe_Tests.m */; };
		282BFF3D15CE89210086AF62 /* Icon-72.png in Resources */ = {isa = PBXBuildFile; fileRef = 282BFF3515CE89210086AF62 /* Icon-72.png */; };
		282BFF3E15CE89210086AF62 /* Icon-72@2x.png in Resources */ = {isa = PBXBuildFile; fileRef = 282BFF3615CE89210086AF62 /* Icon-72@2x.png */; };
		282BFF3F15CE89210086AF62 /* Icon-Small-50.png in Resources */ = {isa = PBXBuildFile; fileRef = 282BFF3715CE89210086AF62 /* Icon-Small-50.png */; };
		282BFF4015CE89210086AF62 /* Icon-Small-50@2x.png in Resources */ = {isa = PBXBuildFile; fileRef = 282BFF3815CE89210086AF62 /* Icon-Small-50@2x.png */; };
		282BFF4115CE89210086AF62 /* Icon-Small.png in Resources */ = {isa = PBXBuildFile; fileRef = 282BFF3915CE89210086AF62 /* Icon-Small.png */; };
		282BFF4215CE89210086AF62 /* Icon-Small@2x.png in Resources */ = {isa = PBXBuildFile; fileRef = 282BFF3A15CE89210086AF62 /* Icon-Small@2x.png */; };
		282BFF4315CE89210086AF62 /* Icon.png in Resources */ = {isa = PBXBuildFile; fileRef = 282BFF3B15CE89210086AF62 /* Icon.png */; };
		282BFF4415CE89210086AF62 /* Icon@2x.png in Resources */ = {isa = PBXBuildFile; fileRef = 282BFF3C15CE89210086AF62 /* Icon@2x.png */; };
		28395E9E13FCF88300F04B7B /* MyCLController.m in Sources */ = {isa = PBXBuildFile; fileRef = 28395E9D13FCF88300F04B7B /* MyCLController.m */; };
		28395EA013FD108600F04B7B /* Location.gpx in Resources */ = {isa = PBXBuildFile; fileRef = 28395E9F13FD108600F04B7B /* Location.gpx */; };
		2861CA3114038DB200BF38FF /* Icons.m in Sources */ = {isa = PBXBuildFile; fileRef = 2861CA3014038DB200BF38FF /* Icons.m */; };
		2861CA3414038DE100BF38FF /* Location.m in Sources */ = {isa = PBXBuildFile; fileRef = 2861CA3314038DE100BF38FF /* Location.m */; };
		2879019A140BAAF2000872FF /* SystemConfiguration.framework in Frameworks */ = {isa = PBXBuildFile; fileRef = 28790199140BAAF2000872FF /* SystemConfiguration.framework */; };
		287A54EC13FBE3ED001CFEEC /* MapKit.framework in Frameworks */ = {isa = PBXBuildFile; fileRef = 287A54EB13FBE3ED001CFEEC /* MapKit.framework */; };
		28835A421621553A0089265E /* Default-568h@2x.png in Resources */ = {isa = PBXBuildFile; fileRef = 28835A411621553A0089265E /* Default-568h@2x.png */; };
		2886605914011C9300B6EA0A /* Settings.bundle in Resources */ = {isa = PBXBuildFile; fileRef = 2886605814011C9300B6EA0A /* Settings.bundle */; };
		28AB9D04146BF2940040AF31 /* 360.png in Resources */ = {isa = PBXBuildFile; fileRef = 28AB9D02146BF2940040AF31 /* 360.png */; };
		28AB9D05146BF2940040AF31 /* Zero.png in Resources */ = {isa = PBXBuildFile; fileRef = 28AB9D03146BF2940040AF31 /* Zero.png */; };
/* End PBXBuildFile section */

/* Begin PBXContainerItemProxy section */
		28241C091778321B00969ED2 /* PBXContainerItemProxy */ = {
			isa = PBXContainerItemProxy;
			containerPortal = 2818190913FB9C70007F4D44 /* Project object */;
			proxyType = 1;
			remoteGlobalIDString = 2818191113FB9C70007F4D44;
			remoteInfo = "EPIC TrackMe";
		};
/* End PBXContainerItemProxy section */

/* Begin PBXFileReference section */
		2818191213FB9C70007F4D44 /* EPIC TrackMe.app */ = {isa = PBXFileReference; explicitFileType = wrapper.application; includeInIndex = 0; path = "EPIC TrackMe.app"; sourceTree = BUILT_PRODUCTS_DIR; };
		2818191613FB9C70007F4D44 /* UIKit.framework */ = {isa = PBXFileReference; lastKnownFileType = wrapper.framework; name = UIKit.framework; path = System/Library/Frameworks/UIKit.framework; sourceTree = SDKROOT; };
		2818191813FB9C70007F4D44 /* Foundation.framework */ = {isa = PBXFileReference; lastKnownFileType = wrapper.framework; name = Foundation.framework; path = System/Library/Frameworks/Foundation.framework; sourceTree = SDKROOT; };
		2818191A13FB9C70007F4D44 /* CoreData.framework */ = {isa = PBXFileReference; lastKnownFileType = wrapper.framework; name = CoreData.framework; path = System/Library/Frameworks/CoreData.framework; sourceTree = SDKROOT; };
		2818191E13FB9C70007F4D44 /* iTrackMe2-Info.plist */ = {isa = PBXFileReference; lastKnownFileType = text.plist.xml; path = "iTrackMe2-Info.plist"; sourceTree = "<group>"; };
		2818192013FB9C70007F4D44 /* en */ = {isa = PBXFileReference; lastKnownFileType = text.plist.strings; name = en; path = en.lproj/InfoPlist.strings; sourceTree = "<group>"; };
		2818192213FB9C70007F4D44 /* main.m */ = {isa = PBXFileReference; lastKnownFileType = sourcecode.c.objc; path = main.m; sourceTree = "<group>"; };
		2818192413FB9C70007F4D44 /* iTrackMe2-Prefix.pch */ = {isa = PBXFileReference; lastKnownFileType = sourcecode.c.h; path = "iTrackMe2-Prefix.pch"; sourceTree = "<group>"; };
		2818192513FB9C70007F4D44 /* AppDelegate.h */ = {isa = PBXFileReference; lastKnownFileType = sourcecode.c.h; path = AppDelegate.h; sourceTree = "<group>"; };
		2818192613FB9C70007F4D44 /* AppDelegate.m */ = {isa = PBXFileReference; lastKnownFileType = sourcecode.c.objc; path = AppDelegate.m; sourceTree = "<group>"; };
		2818192913FB9C70007F4D44 /* iTrackMe2.xcdatamodel */ = {isa = PBXFileReference; lastKnownFileType = wrapper.xcdatamodel; path = iTrackMe2.xcdatamodel; sourceTree = "<group>"; };
		2818192B13FB9C70007F4D44 /* MainViewController.h */ = {isa = PBXFileReference; lastKnownFileType = sourcecode.c.h; path = MainViewController.h; sourceTree = "<group>"; };
		2818192C13FB9C70007F4D44 /* MainViewController.m */ = {isa = PBXFileReference; lastKnownFileType = sourcecode.c.objc; path = MainViewController.m; sourceTree = "<group>"; };
		2818193213FB9C70007F4D44 /* en */ = {isa = PBXFileReference; lastKnownFileType = file.xib; name = en; path = en.lproj/MainViewController_iPhone.xib; sourceTree = "<group>"; };
		2818193513FB9C70007F4D44 /* en */ = {isa = PBXFileReference; lastKnownFileType = file.xib; name = en; path = en.lproj/MainViewController_iPad.xib; sourceTree = "<group>"; };
		2818194213FB9CDE007F4D44 /* CoreLocation.framework */ = {isa = PBXFileReference; lastKnownFileType = wrapper.framework; name = CoreLocation.framework; path = System/Library/Frameworks/CoreLocation.framework; sourceTree = SDKROOT; };
		2818194813FBC156007F4D44 /* fells_loop.gpx */ = {isa = PBXFileReference; lastKnownFileType = text.xml; name = fells_loop.gpx; path = ../fells_loop.gpx; sourceTree = "<group>"; };
		28241BFB1778321B00969ED2 /* EPIC TrackMe Tests.xctest */ = {isa = PBXFileReference; explicitFileType = wrapper.cfbundle; includeInIndex = 0; path = "EPIC TrackMe Tests.xctest"; sourceTree = BUILT_PRODUCTS_DIR; };
		28241BFC1778321B00969ED2 /* XCTest.framework */ = {isa = PBXFileReference; lastKnownFileType = wrapper.framework; name = XCTest.framework; path = Library/Frameworks/XCTest.framework; sourceTree = DEVELOPER_DIR; };
		28241C021778321B00969ED2 /* EPIC TrackMe Tests-Info.plist */ = {isa = PBXFileReference; lastKnownFileType = text.plist.xml; path = "EPIC TrackMe Tests-Info.plist"; sourceTree = "<group>"; };
		28241C041778321B00969ED2 /* en */ = {isa = PBXFileReference; lastKnownFileType = text.plist.strings; name = en; path = en.lproj/InfoPlist.strings; sourceTree = "<group>"; };
		28241C061778321B00969ED2 /* EPIC_TrackMe_Tests.m */ = {isa = PBXFileReference; lastKnownFileType = sourcecode.c.objc; path = EPIC_TrackMe_Tests.m; sourceTree = "<group>"; };
		28241C081778321B00969ED2 /* EPIC TrackMe Tests-Prefix.pch */ = {isa = PBXFileReference; lastKnownFileType = sourcecode.c.h; path = "EPIC TrackMe Tests-Prefix.pch"; sourceTree = "<group>"; };
		282BFF3515CE89210086AF62 /* Icon-72.png */ = {isa = PBXFileReference; lastKnownFileType = image.png; path = "Icon-72.png"; sourceTree = "<group>"; };
		282BFF3615CE89210086AF62 /* Icon-72@2x.png */ = {isa = PBXFileReference; lastKnownFileType = image.png; name = "Icon-72@2x.png"; path = "images/Icon-72@2x.png"; sourceTree = "<group>"; };
		282BFF3715CE89210086AF62 /* Icon-Small-50.png */ = {isa = PBXFileReference; lastKnownFileType = image.png; path = "Icon-Small-50.png"; sourceTree = "<group>"; };
		282BFF3815CE89210086AF62 /* Icon-Small-50@2x.png */ = {isa = PBXFileReference; lastKnownFileType = image.png; path = "Icon-Small-50@2x.png"; sourceTree = "<group>"; };
		282BFF3915CE89210086AF62 /* Icon-Small.png */ = {isa = PBXFileReference; lastKnownFileType = image.png; path = "Icon-Small.png"; sourceTree = "<group>"; };
		282BFF3A15CE89210086AF62 /* Icon-Small@2x.png */ = {isa = PBXFileReference; lastKnownFileType = image.png; path = "Icon-Small@2x.png"; sourceTree = "<group>"; };
		282BFF3B15CE89210086AF62 /* Icon.png */ = {isa = PBXFileReference; lastKnownFileType = image.png; path = Icon.png; sourceTree = "<group>"; };
		282BFF3C15CE89210086AF62 /* Icon@2x.png */ = {isa = PBXFileReference; lastKnownFileType = image.png; path = "Icon@2x.png"; sourceTree = "<group>"; };
		28395E9C13FCF88300F04B7B /* MyCLController.h */ = {isa = PBXFileReference; fileEncoding = 4; lastKnownFileType = sourcecode.c.h; path = MyCLController.h; sourceTree = "<group>"; };
		28395E9D13FCF88300F04B7B /* MyCLController.m */ = {isa = PBXFileReference; fileEncoding = 4; lastKnownFileType = sourcecode.c.objc; path = MyCLController.m; sourceTree = "<group>"; };
		28395E9F13FD108600F04B7B /* Location.gpx */ = {isa = PBXFileReference; fileEncoding = 4; lastKnownFileType = text.xml; name = Location.gpx; path = ../Location.gpx; sourceTree = "<group>"; };
		2861CA2F14038DB200BF38FF /* Icons.h */ = {isa = PBXFileReference; fileEncoding = 4; lastKnownFileType = sourcecode.c.h; path = Icons.h; sourceTree = "<group>"; };
		2861CA3014038DB200BF38FF /* Icons.m */ = {isa = PBXFileReference; fileEncoding = 4; lastKnownFileType = sourcecode.c.objc; path = Icons.m; sourceTree = "<group>"; };
		2861CA3214038DE000BF38FF /* Location.h */ = {isa = PBXFileReference; fileEncoding = 4; lastKnownFileType = sourcecode.c.h; path = Location.h; sourceTree = "<group>"; };
		2861CA3314038DE100BF38FF /* Location.m */ = {isa = PBXFileReference; fileEncoding = 4; lastKnownFileType = sourcecode.c.objc; path = Location.m; sourceTree = "<group>"; };
		28790199140BAAF2000872FF /* SystemConfiguration.framework */ = {isa = PBXFileReference; lastKnownFileType = wrapper.framework; name = SystemConfiguration.framework; path = System/Library/Frameworks/SystemConfiguration.framework; sourceTree = SDKROOT; };
		287A54EB13FBE3ED001CFEEC /* MapKit.framework */ = {isa = PBXFileReference; lastKnownFileType = wrapper.framework; name = MapKit.framework; path = System/Library/Frameworks/MapKit.framework; sourceTree = SDKROOT; };
		2880B0311403805B0081B94D /* iTrackMe 2.xcdatamodel */ = {isa = PBXFileReference; lastKnownFileType = wrapper.xcdatamodel; path = "iTrackMe 2.xcdatamodel"; sourceTree = "<group>"; };
		28835A411621553A0089265E /* Default-568h@2x.png */ = {isa = PBXFileReference; lastKnownFileType = image.png; name = "Default-568h@2x.png"; path = "../../Default-568h@2x.png"; sourceTree = "<group>"; };
		2886605814011C9300B6EA0A /* Settings.bundle */ = {isa = PBXFileReference; lastKnownFileType = "wrapper.plug-in"; path = Settings.bundle; sourceTree = "<group>"; };
		28AB9D02146BF2940040AF31 /* 360.png */ = {isa = PBXFileReference; lastKnownFileType = image.png; name = 360.png; path = images/360.png; sourceTree = "<group>"; };
		28AB9D03146BF2940040AF31 /* Zero.png */ = {isa = PBXFileReference; lastKnownFileType = image.png; name = Zero.png; path = images/Zero.png; sourceTree = "<group>"; };
		28B543F8142A06F100318A72 /* Icon.png */ = {isa = PBXFileReference; lastKnownFileType = image.png; name = Icon.png; path = ../Icon.png; sourceTree = "<group>"; };
		28B543FB142A06F900318A72 /* Icon@2x.png */ = {isa = PBXFileReference; lastKnownFileType = image.png; name = "Icon@2x.png"; path = "../Icon@2x.png"; sourceTree = "<group>"; };
		28B543FD142A071400318A72 /* Icon-72.png */ = {isa = PBXFileReference; lastKnownFileType = image.png; name = "Icon-72.png"; path = "../Icon-72.png"; sourceTree = "<group>"; };
		28DF3A1014027B0900503662 /* iTrackMe 2.xcdatamodel */ = {isa = PBXFileReference; lastKnownFileType = wrapper.xcdatamodel; path = "iTrackMe 2.xcdatamodel"; sourceTree = "<group>"; };
/* End PBXFileReference section */

/* Begin PBXFrameworksBuildPhase section */
		2818190F13FB9C70007F4D44 /* Frameworks */ = {
			isa = PBXFrameworksBuildPhase;
			buildActionMask = 2147483647;
			files = (
				2879019A140BAAF2000872FF /* SystemConfiguration.framework in Frameworks */,
				287A54EC13FBE3ED001CFEEC /* MapKit.framework in Frameworks */,
				2818194313FB9CDE007F4D44 /* CoreLocation.framework in Frameworks */,
				2818191713FB9C70007F4D44 /* UIKit.framework in Frameworks */,
				2818191913FB9C70007F4D44 /* Foundation.framework in Frameworks */,
				2818191B13FB9C70007F4D44 /* CoreData.framework in Frameworks */,
			);
			runOnlyForDeploymentPostprocessing = 0;
		};
		28241BF81778321B00969ED2 /* Frameworks */ = {
			isa = PBXFrameworksBuildPhase;
			buildActionMask = 2147483647;
			files = (
				28241BFD1778321B00969ED2 /* XCTest.framework in Frameworks */,
				28241BFF1778321B00969ED2 /* UIKit.framework in Frameworks */,
				28241BFE1778321B00969ED2 /* Foundation.framework in Frameworks */,
			);
			runOnlyForDeploymentPostprocessing = 0;
		};
/* End PBXFrameworksBuildPhase section */

/* Begin PBXGroup section */
		2818190713FB9C70007F4D44 = {
			isa = PBXGroup;
			children = (
				28B7DF1D1430A68C004FAD97 /* images */,
				2818191C13FB9C70007F4D44 /* iTrackMe2 */,
				28241C001778321B00969ED2 /* EPIC TrackMe Tests */,
				2818191513FB9C70007F4D44 /* Frameworks */,
				2818191313FB9C70007F4D44 /* Products */,
			);
			sourceTree = "<group>";
		};
		2818191313FB9C70007F4D44 /* Products */ = {
			isa = PBXGroup;
			children = (
				2818191213FB9C70007F4D44 /* EPIC TrackMe.app */,
				28241BFB1778321B00969ED2 /* EPIC TrackMe Tests.xctest */,
			);
			name = Products;
			sourceTree = "<group>";
		};
		2818191513FB9C70007F4D44 /* Frameworks */ = {
			isa = PBXGroup;
			children = (
				28790199140BAAF2000872FF /* SystemConfiguration.framework */,
				287A54EB13FBE3ED001CFEEC /* MapKit.framework */,
				2818194213FB9CDE007F4D44 /* CoreLocation.framework */,
				2818191613FB9C70007F4D44 /* UIKit.framework */,
				2818191813FB9C70007F4D44 /* Foundation.framework */,
				2818191A13FB9C70007F4D44 /* CoreData.framework */,
				28241BFC1778321B00969ED2 /* XCTest.framework */,
			);
			name = Frameworks;
			sourceTree = "<group>";
		};
		2818191C13FB9C70007F4D44 /* iTrackMe2 */ = {
			isa = PBXGroup;
			children = (
				2818192513FB9C70007F4D44 /* AppDelegate.h */,
				2818192613FB9C70007F4D44 /* AppDelegate.m */,
				28395E9C13FCF88300F04B7B /* MyCLController.h */,
				28395E9D13FCF88300F04B7B /* MyCLController.m */,
				2818192B13FB9C70007F4D44 /* MainViewController.h */,
				2818192C13FB9C70007F4D44 /* MainViewController.m */,
				2818193113FB9C70007F4D44 /* MainViewController_iPhone.xib */,
				2818193413FB9C70007F4D44 /* MainViewController_iPad.xib */,
				2818192813FB9C70007F4D44 /* iTrackMe2.xcdatamodeld */,
				2861CA2F14038DB200BF38FF /* Icons.h */,
				2861CA3014038DB200BF38FF /* Icons.m */,
				2818191D13FB9C70007F4D44 /* Supporting Files */,
				2861CA3214038DE000BF38FF /* Location.h */,
				2861CA3314038DE100BF38FF /* Location.m */,
			);
			path = iTrackMe2;
			sourceTree = "<group>";
		};
		2818191D13FB9C70007F4D44 /* Supporting Files */ = {
			isa = PBXGroup;
			children = (
				282BFF3615CE89210086AF62 /* Icon-72@2x.png */,
				28B543FD142A071400318A72 /* Icon-72.png */,
				28AB9D02146BF2940040AF31 /* 360.png */,
				28AB9D03146BF2940040AF31 /* Zero.png */,
				28B543FB142A06F900318A72 /* Icon@2x.png */,
				28B543F8142A06F100318A72 /* Icon.png */,
				28395E9F13FD108600F04B7B /* Location.gpx */,
				2818194813FBC156007F4D44 /* fells_loop.gpx */,
				2886605814011C9300B6EA0A /* Settings.bundle */,
				2818191E13FB9C70007F4D44 /* iTrackMe2-Info.plist */,
				2818191F13FB9C70007F4D44 /* InfoPlist.strings */,
				2818192213FB9C70007F4D44 /* main.m */,
				2818192413FB9C70007F4D44 /* iTrackMe2-Prefix.pch */,
			);
			name = "Supporting Files";
			sourceTree = "<group>";
		};
		28241C001778321B00969ED2 /* EPIC TrackMe Tests */ = {
			isa = PBXGroup;
			children = (
				28241C061778321B00969ED2 /* EPIC_TrackMe_Tests.m */,
				28241C011778321B00969ED2 /* Supporting Files */,
			);
			path = "EPIC TrackMe Tests";
			sourceTree = "<group>";
		};
		28241C011778321B00969ED2 /* Supporting Files */ = {
			isa = PBXGroup;
			children = (
				28241C021778321B00969ED2 /* EPIC TrackMe Tests-Info.plist */,
				28241C031778321B00969ED2 /* InfoPlist.strings */,
				28241C081778321B00969ED2 /* EPIC TrackMe Tests-Prefix.pch */,
			);
			name = "Supporting Files";
			sourceTree = "<group>";
		};
		28B7DF1D1430A68C004FAD97 /* images */ = {
			isa = PBXGroup;
			children = (
				28835A411621553A0089265E /* Default-568h@2x.png */,
				282BFF3515CE89210086AF62 /* Icon-72.png */,
				282BFF3715CE89210086AF62 /* Icon-Small-50.png */,
				282BFF3815CE89210086AF62 /* Icon-Small-50@2x.png */,
				282BFF3915CE89210086AF62 /* Icon-Small.png */,
				282BFF3A15CE89210086AF62 /* Icon-Small@2x.png */,
				282BFF3B15CE89210086AF62 /* Icon.png */,
				282BFF3C15CE89210086AF62 /* Icon@2x.png */,
			);
			name = images;
			path = iTrackMe2/images;
			sourceTree = "<group>";
		};
/* End PBXGroup section */

/* Begin PBXNativeTarget section */
		2818191113FB9C70007F4D44 /* EPIC TrackMe */ = {
			isa = PBXNativeTarget;
			buildConfigurationList = 2818193C13FB9C71007F4D44 /* Build configuration list for PBXNativeTarget "EPIC TrackMe" */;
			buildPhases = (
				2818190E13FB9C70007F4D44 /* Sources */,
				2818190F13FB9C70007F4D44 /* Frameworks */,
				2818191013FB9C70007F4D44 /* Resources */,
			);
			buildRules = (
			);
			dependencies = (
			);
			name = "EPIC TrackMe";
			productName = iTrackMe2;
			productReference = 2818191213FB9C70007F4D44 /* EPIC TrackMe.app */;
			productType = "com.apple.product-type.application";
		};
		28241BFA1778321B00969ED2 /* EPIC TrackMe Tests */ = {
			isa = PBXNativeTarget;
			buildConfigurationList = 28241C0B1778321B00969ED2 /* Build configuration list for PBXNativeTarget "EPIC TrackMe Tests" */;
			buildPhases = (
				28241BF71778321B00969ED2 /* Sources */,
				28241BF81778321B00969ED2 /* Frameworks */,
				28241BF91778321B00969ED2 /* Resources */,
			);
			buildRules = (
			);
			dependencies = (
				28241C0A1778321B00969ED2 /* PBXTargetDependency */,
			);
			name = "EPIC TrackMe Tests";
			productName = "EPIC TrackMe Tests";
			productReference = 28241BFB1778321B00969ED2 /* EPIC TrackMe Tests.xctest */;
			productType = "com.apple.product-type.bundle.unit-test";
		};
/* End PBXNativeTarget section */

/* Begin PBXProject section */
		2818190913FB9C70007F4D44 /* Project object */ = {
			isa = PBXProject;
			attributes = {
				LastUpgradeCheck = 0500;
				TargetAttributes = {
					28241BFA1778321B00969ED2 = {
						TestTargetID = 2818191113FB9C70007F4D44;
					};
				};
			};
			buildConfigurationList = 2818190C13FB9C70007F4D44 /* Build configuration list for PBXProject "iTrackMe2" */;
			compatibilityVersion = "Xcode 3.2";
			developmentRegion = English;
			hasScannedForEncodings = 0;
			knownRegions = (
				en,
			);
			mainGroup = 2818190713FB9C70007F4D44;
			productRefGroup = 2818191313FB9C70007F4D44 /* Products */;
			projectDirPath = "";
			projectRoot = "";
			targets = (
				2818191113FB9C70007F4D44 /* EPIC TrackMe */,
				28241BFA1778321B00969ED2 /* EPIC TrackMe Tests */,
			);
		};
/* End PBXProject section */

/* Begin PBXResourcesBuildPhase section */
		2818191013FB9C70007F4D44 /* Resources */ = {
			isa = PBXResourcesBuildPhase;
			buildActionMask = 2147483647;
			files = (
				2818192113FB9C70007F4D44 /* InfoPlist.strings in Resources */,
				2818193313FB9C70007F4D44 /* MainViewController_iPhone.xib in Resources */,
				2818193613FB9C70007F4D44 /* MainViewController_iPad.xib in Resources */,
				28395EA013FD108600F04B7B /* Location.gpx in Resources */,
				2886605914011C9300B6EA0A /* Settings.bundle in Resources */,
				28AB9D04146BF2940040AF31 /* 360.png in Resources */,
				28AB9D05146BF2940040AF31 /* Zero.png in Resources */,
				282BFF3D15CE89210086AF62 /* Icon-72.png in Resources */,
				282BFF3E15CE89210086AF62 /* Icon-72@2x.png in Resources */,
				282BFF3F15CE89210086AF62 /* Icon-Small-50.png in Resources */,
				282BFF4015CE89210086AF62 /* Icon-Small-50@2x.png in Resources */,
				282BFF4115CE89210086AF62 /* Icon-Small.png in Resources */,
				282BFF4215CE89210086AF62 /* Icon-Small@2x.png in Resources */,
				282BFF4315CE89210086AF62 /* Icon.png in Resources */,
				282BFF4415CE89210086AF62 /* Icon@2x.png in Resources */,
				28835A421621553A0089265E /* Default-568h@2x.png in Resources */,
			);
			runOnlyForDeploymentPostprocessing = 0;
		};
		28241BF91778321B00969ED2 /* Resources */ = {
			isa = PBXResourcesBuildPhase;
			buildActionMask = 2147483647;
			files = (
				28241C051778321B00969ED2 /* InfoPlist.strings in Resources */,
			);
			runOnlyForDeploymentPostprocessing = 0;
		};
/* End PBXResourcesBuildPhase section */

/* Begin PBXSourcesBuildPhase section */
		2818190E13FB9C70007F4D44 /* Sources */ = {
			isa = PBXSourcesBuildPhase;
			buildActionMask = 2147483647;
			files = (
				2818192313FB9C70007F4D44 /* main.m in Sources */,
				2818192713FB9C70007F4D44 /* AppDelegate.m in Sources */,
				2818192A13FB9C70007F4D44 /* iTrackMe2.xcdatamodeld in Sources */,
				2818192D13FB9C70007F4D44 /* MainViewController.m in Sources */,
				28395E9E13FCF88300F04B7B /* MyCLController.m in Sources */,
				2861CA3114038DB200BF38FF /* Icons.m in Sources */,
				2861CA3414038DE100BF38FF /* Location.m in Sources */,
			);
			runOnlyForDeploymentPostprocessing = 0;
		};
		28241BF71778321B00969ED2 /* Sources */ = {
			isa = PBXSourcesBuildPhase;
			buildActionMask = 2147483647;
			files = (
				28241C071778321B00969ED2 /* EPIC_TrackMe_Tests.m in Sources */,
			);
			runOnlyForDeploymentPostprocessing = 0;
		};
/* End PBXSourcesBuildPhase section */

/* Begin PBXTargetDependency section */
		28241C0A1778321B00969ED2 /* PBXTargetDependency */ = {
			isa = PBXTargetDependency;
			target = 2818191113FB9C70007F4D44 /* EPIC TrackMe */;
			targetProxy = 28241C091778321B00969ED2 /* PBXContainerItemProxy */;
		};
/* End PBXTargetDependency section */

/* Begin PBXVariantGroup section */
		2818191F13FB9C70007F4D44 /* InfoPlist.strings */ = {
			isa = PBXVariantGroup;
			children = (
				2818192013FB9C70007F4D44 /* en */,
			);
			name = InfoPlist.strings;
			sourceTree = "<group>";
		};
		2818193113FB9C70007F4D44 /* MainViewController_iPhone.xib */ = {
			isa = PBXVariantGroup;
			children = (
				2818193213FB9C70007F4D44 /* en */,
			);
			name = MainViewController_iPhone.xib;
			sourceTree = "<group>";
		};
		2818193413FB9C70007F4D44 /* MainViewController_iPad.xib */ = {
			isa = PBXVariantGroup;
			children = (
				2818193513FB9C70007F4D44 /* en */,
			);
			name = MainViewController_iPad.xib;
			sourceTree = "<group>";
		};
		28241C031778321B00969ED2 /* InfoPlist.strings */ = {
			isa = PBXVariantGroup;
			children = (
				28241C041778321B00969ED2 /* en */,
			);
			name = InfoPlist.strings;
			sourceTree = "<group>";
		};
/* End PBXVariantGroup section */

/* Begin XCBuildConfiguration section */
		280DADCF146BA70F009BE34D /* Distribution */ = {
			isa = XCBuildConfiguration;
			buildSettings = {
				ALWAYS_SEARCH_USER_PATHS = NO;
				CLANG_ENABLE_MODULES = YES;
				CLANG_ENABLE_OBJC_ARC = YES;
				CLANG_WARN_BOOL_CONVERSION = YES;
				CLANG_WARN_CONSTANT_CONVERSION = YES;
				CLANG_WARN_DOCUMENTATION_COMMENTS = YES;
				CLANG_WARN_EMPTY_BODY = YES;
				CLANG_WARN_ENUM_CONVERSION = YES;
				CLANG_WARN_INT_CONVERSION = YES;
				CLANG_WARN__DUPLICATE_METHOD_MATCH = YES;
				CODE_SIGN_IDENTITY = "iPhone Distribution: Tobias Carlander";
				COPY_PHASE_STRIP = YES;
				GCC_C_LANGUAGE_STANDARD = gnu99;
				GCC_VERSION = com.apple.compilers.llvm.clang.1_0;
				GCC_WARN_ABOUT_MISSING_PROTOTYPES = YES;
				GCC_WARN_ABOUT_RETURN_TYPE = YES;
				GCC_WARN_UNDECLARED_SELECTOR = YES;
				GCC_WARN_UNINITIALIZED_AUTOS = YES;
				GCC_WARN_UNUSED_FUNCTION = YES;
				GCC_WARN_UNUSED_VARIABLE = YES;
				IPHONEOS_DEPLOYMENT_TARGET = 6.0;
				OTHER_CFLAGS = "-DNS_BLOCK_ASSERTIONS=1";
				PROVISIONING_PROFILE = "EE96BFDA-0705-41B2-B791-04688AFE102F";
				SDKROOT = iphoneos;
				TARGETED_DEVICE_FAMILY = "1,2";
				VALIDATE_PRODUCT = YES;
			};
			name = Distribution;
		};
		280DADD0146BA70F009BE34D /* Distribution */ = {
			isa = XCBuildConfiguration;
			buildSettings = {
				GCC_PRECOMPILE_PREFIX_HEADER = YES;
				GCC_PREFIX_HEADER = "iTrackMe2/iTrackMe2-Prefix.pch";
				GCC_THUMB_SUPPORT = NO;
				INFOPLIST_FILE = "iTrackMe2/iTrackMe2-Info.plist";
				IPHONEOS_DEPLOYMENT_TARGET = 5.1;
				PRODUCT_NAME = "$(TARGET_NAME)";
				WRAPPER_EXTENSION = app;
			};
			name = Distribution;
		};
		2818193A13FB9C70007F4D44 /* Debug */ = {
			isa = XCBuildConfiguration;
			buildSettings = {
				ALWAYS_SEARCH_USER_PATHS = NO;
				CLANG_ENABLE_MODULES = YES;
				CLANG_ENABLE_OBJC_ARC = YES;
				CLANG_WARN_BOOL_CONVERSION = YES;
				CLANG_WARN_CONSTANT_CONVERSION = YES;
				CLANG_WARN_DOCUMENTATION_COMMENTS = YES;
				CLANG_WARN_EMPTY_BODY = YES;
				CLANG_WARN_ENUM_CONVERSION = YES;
				CLANG_WARN_INT_CONVERSION = YES;
				CLANG_WARN__DUPLICATE_METHOD_MATCH = YES;
				CODE_SIGN_IDENTITY = "iPhone Developer: Tobias Carlander (N88F3TYFRG)";
				COPY_PHASE_STRIP = NO;
				GCC_C_LANGUAGE_STANDARD = gnu99;
				GCC_DYNAMIC_NO_PIC = NO;
				GCC_OPTIMIZATION_LEVEL = 0;
				GCC_PREPROCESSOR_DEFINITIONS = (
					"DEBUG=1",
					"$(inherited)",
				);
				GCC_SYMBOLS_PRIVATE_EXTERN = NO;
				GCC_VERSION = com.apple.compilers.llvm.clang.1_0;
				GCC_WARN_ABOUT_MISSING_PROTOTYPES = YES;
				GCC_WARN_ABOUT_RETURN_TYPE = YES;
				GCC_WARN_UNDECLARED_SELECTOR = YES;
				GCC_WARN_UNINITIALIZED_AUTOS = YES;
				GCC_WARN_UNUSED_FUNCTION = YES;
				GCC_WARN_UNUSED_VARIABLE = YES;
				IPHONEOS_DEPLOYMENT_TARGET = 6.0;
				ONLY_ACTIVE_ARCH = YES;
				PROVISIONING_PROFILE = "EE96BFDA-0705-41B2-B791-04688AFE102F";
				SDKROOT = iphoneos;
				TARGETED_DEVICE_FAMILY = "1,2";
			};
			name = Debug;
		};
		2818193B13FB9C70007F4D44 /* Release */ = {
			isa = XCBuildConfiguration;
			buildSettings = {
				ALWAYS_SEARCH_USER_PATHS = NO;
				CLANG_ENABLE_MODULES = YES;
				CLANG_ENABLE_OBJC_ARC = YES;
				CLANG_WARN_BOOL_CONVERSION = YES;
				CLANG_WARN_CONSTANT_CONVERSION = YES;
				CLANG_WARN_DOCUMENTATION_COMMENTS = YES;
				CLANG_WARN_EMPTY_BODY = YES;
				CLANG_WARN_ENUM_CONVERSION = YES;
				CLANG_WARN_INT_CONVERSION = YES;
				CLANG_WARN__DUPLICATE_METHOD_MATCH = YES;
				CODE_SIGN_IDENTITY = "iPhone Distribution: Tobias Carlander";
				COPY_PHASE_STRIP = YES;
				GCC_C_LANGUAGE_STANDARD = gnu99;
				GCC_VERSION = com.apple.compilers.llvm.clang.1_0;
				GCC_WARN_ABOUT_MISSING_PROTOTYPES = YES;
				GCC_WARN_ABOUT_RETURN_TYPE = YES;
				GCC_WARN_UNDECLARED_SELECTOR = YES;
				GCC_WARN_UNINITIALIZED_AUTOS = YES;
				GCC_WARN_UNUSED_FUNCTION = YES;
				GCC_WARN_UNUSED_VARIABLE = YES;
				IPHONEOS_DEPLOYMENT_TARGET = 6.0;
				OTHER_CFLAGS = "-DNS_BLOCK_ASSERTIONS=1";
				PROVISIONING_PROFILE = "EE96BFDA-0705-41B2-B791-04688AFE102F";
				SDKROOT = iphoneos;
				TARGETED_DEVICE_FAMILY = "1,2";
				VALIDATE_PRODUCT = YES;
			};
			name = Release;
		};
		2818193D13FB9C71007F4D44 /* Debug */ = {
			isa = XCBuildConfiguration;
			buildSettings = {
				GCC_PRECOMPILE_PREFIX_HEADER = YES;
				GCC_PREFIX_HEADER = "iTrackMe2/iTrackMe2-Prefix.pch";
				GCC_THUMB_SUPPORT = NO;
				INFOPLIST_FILE = "iTrackMe2/iTrackMe2-Info.plist";
				IPHONEOS_DEPLOYMENT_TARGET = 5.1;
				PRODUCT_NAME = "$(TARGET_NAME)";
				WRAPPER_EXTENSION = app;
			};
			name = Debug;
		};
		2818193E13FB9C71007F4D44 /* Release */ = {
			isa = XCBuildConfiguration;
			buildSettings = {
				GCC_PRECOMPILE_PREFIX_HEADER = YES;
				GCC_PREFIX_HEADER = "iTrackMe2/iTrackMe2-Prefix.pch";
				GCC_THUMB_SUPPORT = NO;
				INFOPLIST_FILE = "iTrackMe2/iTrackMe2-Info.plist";
				IPHONEOS_DEPLOYMENT_TARGET = 5.1;
				PRODUCT_NAME = "$(TARGET_NAME)";
				WRAPPER_EXTENSION = app;
			};
			name = Release;
		};
		28241C0C1778321B00969ED2 /* Debug */ = {
			isa = XCBuildConfiguration;
			buildSettings = {
				BUNDLE_LOADER = "$(BUILT_PRODUCTS_DIR)/EPIC TrackMe.app/EPIC TrackMe";
				CLANG_CXX_LANGUAGE_STANDARD = "gnu++0x";
				CLANG_CXX_LIBRARY = "libc++";
				CLANG_WARN_DIRECT_OBJC_ISA_USAGE = YES_ERROR;
				CLANG_WARN_OBJC_ROOT_CLASS = YES_ERROR;
				FRAMEWORK_SEARCH_PATHS = (
					"$(SDKROOT)/Developer/Library/Frameworks",
					"$(inherited)",
					"$(SYSTEM_APPS_DIR)/Xcode5-DP.app/Contents/Developer/Library/Frameworks",
				);
				GCC_PRECOMPILE_PREFIX_HEADER = YES;
				GCC_PREFIX_HEADER = "EPIC TrackMe Tests/EPIC TrackMe Tests-Prefix.pch";
				GCC_PREPROCESSOR_DEFINITIONS = (
					"DEBUG=1",
					"$(inherited)",
				);
				GCC_WARN_ABOUT_RETURN_TYPE = YES_ERROR;
				INFOPLIST_FILE = "EPIC TrackMe Tests/EPIC TrackMe Tests-Info.plist";
				IPHONEOS_DEPLOYMENT_TARGET = 7.0;
				PRODUCT_NAME = "$(TARGET_NAME)";
				TEST_HOST = "$(BUNDLE_LOADER)";
				WRAPPER_EXTENSION = xctest;
			};
			name = Debug;
		};
		28241C0D1778321B00969ED2 /* Release */ = {
			isa = XCBuildConfiguration;
			buildSettings = {
				BUNDLE_LOADER = "$(BUILT_PRODUCTS_DIR)/EPIC TrackMe.app/EPIC TrackMe";
				CLANG_CXX_LANGUAGE_STANDARD = "gnu++0x";
				CLANG_CXX_LIBRARY = "libc++";
				CLANG_WARN_DIRECT_OBJC_ISA_USAGE = YES_ERROR;
				CLANG_WARN_OBJC_ROOT_CLASS = YES_ERROR;
				ENABLE_NS_ASSERTIONS = NO;
				FRAMEWORK_SEARCH_PATHS = (
					"$(SDKROOT)/Developer/Library/Frameworks",
					"$(inherited)",
					"$(SYSTEM_APPS_DIR)/Xcode5-DP.app/Contents/Developer/Library/Frameworks",
				);
				GCC_PRECOMPILE_PREFIX_HEADER = YES;
				GCC_PREFIX_HEADER = "EPIC TrackMe Tests/EPIC TrackMe Tests-Prefix.pch";
				GCC_WARN_ABOUT_RETURN_TYPE = YES_ERROR;
				INFOPLIST_FILE = "EPIC TrackMe Tests/EPIC TrackMe Tests-Info.plist";
				IPHONEOS_DEPLOYMENT_TARGET = 7.0;
				PRODUCT_NAME = "$(TARGET_NAME)";
				TEST_HOST = "$(BUNDLE_LOADER)";
				WRAPPER_EXTENSION = xctest;
			};
			name = Release;
		};
		28241C0E1778321B00969ED2 /* Distribution */ = {
			isa = XCBuildConfiguration;
			buildSettings = {
				BUNDLE_LOADER = "$(BUILT_PRODUCTS_DIR)/EPIC TrackMe.app/EPIC TrackMe";
				CLANG_CXX_LANGUAGE_STANDARD = "gnu++0x";
				CLANG_CXX_LIBRARY = "libc++";
				CLANG_WARN_DIRECT_OBJC_ISA_USAGE = YES_ERROR;
				CLANG_WARN_OBJC_ROOT_CLASS = YES_ERROR;
				ENABLE_NS_ASSERTIONS = NO;
				FRAMEWORK_SEARCH_PATHS = (
					"$(SDKROOT)/Developer/Library/Frameworks",
					"$(inherited)",
					"$(SYSTEM_APPS_DIR)/Xcode5-DP.app/Contents/Developer/Library/Frameworks",
				);
				GCC_PRECOMPILE_PREFIX_HEADER = YES;
				GCC_PREFIX_HEADER = "EPIC TrackMe Tests/EPIC TrackMe Tests-Prefix.pch";
				GCC_WARN_ABOUT_RETURN_TYPE = YES_ERROR;
				INFOPLIST_FILE = "EPIC TrackMe Tests/EPIC TrackMe Tests-Info.plist";
				IPHONEOS_DEPLOYMENT_TARGET = 7.0;
				PRODUCT_NAME = "$(TARGET_NAME)";
				TEST_HOST = "$(BUNDLE_LOADER)";
				WRAPPER_EXTENSION = xctest;
			};
			name = Distribution;
		};
/* End XCBuildConfiguration section */

/* Begin XCConfigurationList section */
		2818190C13FB9C70007F4D44 /* Build configuration list for PBXProject "iTrackMe2" */ = {
			isa = XCConfigurationList;
			buildConfigurations = (
				2818193A13FB9C70007F4D44 /* Debug */,
				2818193B13FB9C70007F4D44 /* Release */,
				280DADCF146BA70F009BE34D /* Distribution */,
			);
			defaultConfigurationIsVisible = 0;
			defaultConfigurationName = Release;
		};
		2818193C13FB9C71007F4D44 /* Build configuration list for PBXNativeTarget "EPIC TrackMe" */ = {
			isa = XCConfigurationList;
			buildConfigurations = (
				2818193D13FB9C71007F4D44 /* Debug */,
				2818193E13FB9C71007F4D44 /* Release */,
				280DADD0146BA70F009BE34D /* Distribution */,
			);
			defaultConfigurationIsVisible = 0;
			defaultConfigurationName = Release;
		};
		28241C0B1778321B00969ED2 /* Build configuration list for PBXNativeTarget "EPIC TrackMe Tests" */ = {
			isa = XCConfigurationList;
			buildConfigurations = (
				28241C0C1778321B00969ED2 /* Debug */,
				28241C0D1778321B00969ED2 /* Release */,
				28241C0E1778321B00969ED2 /* Distribution */,
			);
			defaultConfigurationIsVisible = 0;
			defaultConfigurationName = Release;
		};
/* End XCConfigurationList section */

/* Begin XCVersionGroup section */
		2818192813FB9C70007F4D44 /* iTrackMe2.xcdatamodeld */ = {
			isa = XCVersionGroup;
			children = (
				2880B0311403805B0081B94D /* iTrackMe 2.xcdatamodel */,
				28DF3A1014027B0900503662 /* iTrackMe 2.xcdatamodel */,
				2818192913FB9C70007F4D44 /* iTrackMe2.xcdatamodel */,
			);
			currentVersion = 2818192913FB9C70007F4D44 /* iTrackMe2.xcdatamodel */;
			path = iTrackMe2.xcdatamodeld;
			sourceTree = "<group>";
			versionGroupType = wrapper.xcdatamodel;
		};
/* End XCVersionGroup section */
	};
	rootObject = 2818190913FB9C70007F4D44 /* Project object */;
}
