// !$*UTF8*$!
{
	archiveVersion = 1;
	classes = {
	};
	objectVersion = 46;
	objects = {

/* Begin PBXBuildFile section */
		2818191713FB9C70007F4D44 /* UIKit.framework in Frameworks */ = {isa = PBXBuildFile; fileRef = 2818191613FB9C70007F4D44 /* UIKit.framework */; };
		2818191913FB9C70007F4D44 /* Foundation.framework in Frameworks */ = {isa = PBXBuildFile; fileRef = 2818191813FB9C70007F4D44 /* Foundation.framework */; };
		2818191B13FB9C70007F4D44 /* CoreData.framework in Frameworks */ = {isa = PBXBuildFile; fileRef = 2818191A13FB9C70007F4D44 /* CoreData.framework */; };
		2818192113FB9C70007F4D44 /* InfoPlist.strings in Resources */ = {isa = PBXBuildFile; fileRef = 2818191F13FB9C70007F4D44 /* InfoPlist.strings */; };
		2818192313FB9C70007F4D44 /* main.m in Sources */ = {isa = PBXBuildFile; fileRef = 2818192213FB9C70007F4D44 /* main.m */; };
		2818192713FB9C70007F4D44 /* AppDelegate.m in Sources */ = {isa = PBXBuildFile; fileRef = 2818192613FB9C70007F4D44 /* AppDelegate.m */; };
		2818192A13FB9C70007F4D44 /* iTrackMe2.xcdatamodeld in Sources */ = {isa = PBXBuildFile; fileRef = 2818192813FB9C70007F4D44 /* iTrackMe2.xcdatamodeld */; };
		2818192D13FB9C70007F4D44 /* MainViewController.m in Sources */ = {isa = PBXBuildFile; fileRef = 2818192C13FB9C70007F4D44 /* MainViewController.m */; };
		2818193013FB9C70007F4D44 /* FlipsideViewController.m in Sources */ = {isa = PBXBuildFile; fileRef = 2818192F13FB9C70007F4D44 /* FlipsideViewController.m */; };
		2818193313FB9C70007F4D44 /* MainViewController_iPhone.xib in Resources */ = {isa = PBXBuildFile; fileRef = 2818193113FB9C70007F4D44 /* MainViewController_iPhone.xib */; };
		2818193613FB9C70007F4D44 /* MainViewController_iPad.xib in Resources */ = {isa = PBXBuildFile; fileRef = 2818193413FB9C70007F4D44 /* MainViewController_iPad.xib */; };
		2818193913FB9C70007F4D44 /* FlipsideViewController.xib in Resources */ = {isa = PBXBuildFile; fileRef = 2818193713FB9C70007F4D44 /* FlipsideViewController.xib */; };
		2818194113FB9C9D007F4D44 /* MyCLController.m in Sources */ = {isa = PBXBuildFile; fileRef = 2818194013FB9C9D007F4D44 /* MyCLController.m */; };
		2818194313FB9CDE007F4D44 /* CoreLocation.framework in Frameworks */ = {isa = PBXBuildFile; fileRef = 2818194213FB9CDE007F4D44 /* CoreLocation.framework */; };
/* End PBXBuildFile section */

/* Begin PBXFileReference section */
		2818191213FB9C70007F4D44 /* iTrackMe2.app */ = {isa = PBXFileReference; explicitFileType = wrapper.application; includeInIndex = 0; path = iTrackMe2.app; sourceTree = BUILT_PRODUCTS_DIR; };
		2818191613FB9C70007F4D44 /* UIKit.framework */ = {isa = PBXFileReference; lastKnownFileType = wrapper.framework; name = UIKit.framework; path = System/Library/Frameworks/UIKit.framework; sourceTree = SDKROOT; };
		2818191813FB9C70007F4D44 /* Foundation.framework */ = {isa = PBXFileReference; lastKnownFileType = wrapper.framework; name = Foundation.framework; path = System/Library/Frameworks/Foundation.framework; sourceTree = SDKROOT; };
		2818191A13FB9C70007F4D44 /* CoreData.framework */ = {isa = PBXFileReference; lastKnownFileType = wrapper.framework; name = CoreData.framework; path = System/Library/Frameworks/CoreData.framework; sourceTree = SDKROOT; };
		2818191E13FB9C70007F4D44 /* iTrackMe2-Info.plist */ = {isa = PBXFileReference; lastKnownFileType = text.plist.xml; path = "iTrackMe2-Info.plist"; sourceTree = "<group>"; };
		2818192013FB9C70007F4D44 /* en */ = {isa = PBXFileReference; lastKnownFileType = text.plist.strings; name = en; path = en.lproj/InfoPlist.strings; sourceTree = "<group>"; };
		2818192213FB9C70007F4D44 /* main.m */ = {isa = PBXFileReference; lastKnownFileType = sourcecode.c.objc; path = main.m; sourceTree = "<group>"; };
		2818192413FB9C70007F4D44 /* iTrackMe2-Prefix.pch */ = {isa = PBXFileReference; lastKnownFileType = sourcecode.c.h; path = "iTrackMe2-Prefix.pch"; sourceTree = "<group>"; };
		2818192513FB9C70007F4D44 /* AppDelegate.h */ = {isa = PBXFileReference; lastKnownFileType = sourcecode.c.h; path = AppDelegate.h; sourceTree = "<group>"; };
		2818192613FB9C70007F4D44 /* AppDelegate.m */ = {isa = PBXFileReference; lastKnownFileType = sourcecode.c.objc; path = AppDelegate.m; sourceTree = "<group>"; };
		2818192913FB9C70007F4D44 /* iTrackMe2.xcdatamodel */ = {isa = PBXFileReference; lastKnownFileType = wrapper.xcdatamodel; path = iTrackMe2.xcdatamodel; sourceTree = "<group>"; };
		2818192B13FB9C70007F4D44 /* MainViewController.h */ = {isa = PBXFileReference; lastKnownFileType = sourcecode.c.h; path = MainViewController.h; sourceTree = "<group>"; };
		2818192C13FB9C70007F4D44 /* MainViewController.m */ = {isa = PBXFileReference; lastKnownFileType = sourcecode.c.objc; path = MainViewController.m; sourceTree = "<group>"; };
		2818192E13FB9C70007F4D44 /* FlipsideViewController.h */ = {isa = PBXFileReference; lastKnownFileType = sourcecode.c.h; path = FlipsideViewController.h; sourceTree = "<group>"; };
		2818192F13FB9C70007F4D44 /* FlipsideViewController.m */ = {isa = PBXFileReference; lastKnownFileType = sourcecode.c.objc; path = FlipsideViewController.m; sourceTree = "<group>"; };
		2818193213FB9C70007F4D44 /* en */ = {isa = PBXFileReference; lastKnownFileType = file.xib; name = en; path = en.lproj/MainViewController_iPhone.xib; sourceTree = "<group>"; };
		2818193513FB9C70007F4D44 /* en */ = {isa = PBXFileReference; lastKnownFileType = file.xib; name = en; path = en.lproj/MainViewController_iPad.xib; sourceTree = "<group>"; };
		2818193813FB9C70007F4D44 /* en */ = {isa = PBXFileReference; lastKnownFileType = file.xib; name = en; path = en.lproj/FlipsideViewController.xib; sourceTree = "<group>"; };
		2818193F13FB9C9D007F4D44 /* MyCLController.h */ = {isa = PBXFileReference; fileEncoding = 4; lastKnownFileType = sourcecode.c.h; name = MyCLController.h; path = ../../iTrackMe/iTrackMe/MyCLController.h; sourceTree = "<group>"; };
		2818194013FB9C9D007F4D44 /* MyCLController.m */ = {isa = PBXFileReference; fileEncoding = 4; lastKnownFileType = sourcecode.c.objc; name = MyCLController.m; path = ../../iTrackMe/iTrackMe/MyCLController.m; sourceTree = "<group>"; };
		2818194213FB9CDE007F4D44 /* CoreLocation.framework */ = {isa = PBXFileReference; lastKnownFileType = wrapper.framework; name = CoreLocation.framework; path = System/Library/Frameworks/CoreLocation.framework; sourceTree = SDKROOT; };
		2818194813FBC156007F4D44 /* fells_loop.gpx */ = {isa = PBXFileReference; lastKnownFileType = text.xml; path = fells_loop.gpx; sourceTree = "<group>"; };
/* End PBXFileReference section */

/* Begin PBXFrameworksBuildPhase section */
		2818190F13FB9C70007F4D44 /* Frameworks */ = {
			isa = PBXFrameworksBuildPhase;
			buildActionMask = 2147483647;
			files = (
				2818194313FB9CDE007F4D44 /* CoreLocation.framework in Frameworks */,
				2818191713FB9C70007F4D44 /* UIKit.framework in Frameworks */,
				2818191913FB9C70007F4D44 /* Foundation.framework in Frameworks */,
				2818191B13FB9C70007F4D44 /* CoreData.framework in Frameworks */,
			);
			runOnlyForDeploymentPostprocessing = 0;
		};
/* End PBXFrameworksBuildPhase section */

/* Begin PBXGroup section */
		2818190713FB9C70007F4D44 = {
			isa = PBXGroup;
			children = (
				2818194813FBC156007F4D44 /* fells_loop.gpx */,
				2818194213FB9CDE007F4D44 /* CoreLocation.framework */,
				2818191C13FB9C70007F4D44 /* iTrackMe2 */,
				2818191513FB9C70007F4D44 /* Frameworks */,
				2818191313FB9C70007F4D44 /* Products */,
			);
			sourceTree = "<group>";
		};
		2818191313FB9C70007F4D44 /* Products */ = {
			isa = PBXGroup;
			children = (
				2818191213FB9C70007F4D44 /* iTrackMe2.app */,
			);
			name = Products;
			sourceTree = "<group>";
		};
		2818191513FB9C70007F4D44 /* Frameworks */ = {
			isa = PBXGroup;
			children = (
				2818191613FB9C70007F4D44 /* UIKit.framework */,
				2818191813FB9C70007F4D44 /* Foundation.framework */,
				2818191A13FB9C70007F4D44 /* CoreData.framework */,
			);
			name = Frameworks;
			sourceTree = "<group>";
		};
		2818191C13FB9C70007F4D44 /* iTrackMe2 */ = {
			isa = PBXGroup;
			children = (
				2818193F13FB9C9D007F4D44 /* MyCLController.h */,
				2818194013FB9C9D007F4D44 /* MyCLController.m */,
				2818192513FB9C70007F4D44 /* AppDelegate.h */,
				2818192613FB9C70007F4D44 /* AppDelegate.m */,
				2818192B13FB9C70007F4D44 /* MainViewController.h */,
				2818192C13FB9C70007F4D44 /* MainViewController.m */,
				2818192E13FB9C70007F4D44 /* FlipsideViewController.h */,
				2818192F13FB9C70007F4D44 /* FlipsideViewController.m */,
				2818193113FB9C70007F4D44 /* MainViewController_iPhone.xib */,
				2818193413FB9C70007F4D44 /* MainViewController_iPad.xib */,
				2818193713FB9C70007F4D44 /* FlipsideViewController.xib */,
				2818192813FB9C70007F4D44 /* iTrackMe2.xcdatamodeld */,
				2818191D13FB9C70007F4D44 /* Supporting Files */,
			);
			path = iTrackMe2;
			sourceTree = "<group>";
		};
		2818191D13FB9C70007F4D44 /* Supporting Files */ = {
			isa = PBXGroup;
			children = (
				2818191E13FB9C70007F4D44 /* iTrackMe2-Info.plist */,
				2818191F13FB9C70007F4D44 /* InfoPlist.strings */,
				2818192213FB9C70007F4D44 /* main.m */,
				2818192413FB9C70007F4D44 /* iTrackMe2-Prefix.pch */,
			);
			name = "Supporting Files";
			sourceTree = "<group>";
		};
/* End PBXGroup section */

/* Begin PBXNativeTarget section */
		2818191113FB9C70007F4D44 /* iTrackMe2 */ = {
			isa = PBXNativeTarget;
			buildConfigurationList = 2818193C13FB9C71007F4D44 /* Build configuration list for PBXNativeTarget "iTrackMe2" */;
			buildPhases = (
				2818190E13FB9C70007F4D44 /* Sources */,
				2818190F13FB9C70007F4D44 /* Frameworks */,
				2818191013FB9C70007F4D44 /* Resources */,
			);
			buildRules = (
			);
			dependencies = (
			);
			name = iTrackMe2;
			productName = iTrackMe2;
			productReference = 2818191213FB9C70007F4D44 /* iTrackMe2.app */;
			productType = "com.apple.product-type.application";
		};
/* End PBXNativeTarget section */

/* Begin PBXProject section */
		2818190913FB9C70007F4D44 /* Project object */ = {
			isa = PBXProject;
			attributes = {
				LastUpgradeCheck = 0420;
			};
			buildConfigurationList = 2818190C13FB9C70007F4D44 /* Build configuration list for PBXProject "iTrackMe2" */;
			compatibilityVersion = "Xcode 3.2";
			developmentRegion = English;
			hasScannedForEncodings = 0;
			knownRegions = (
				en,
			);
			mainGroup = 2818190713FB9C70007F4D44;
			productRefGroup = 2818191313FB9C70007F4D44 /* Products */;
			projectDirPath = "";
			projectRoot = "";
			targets = (
				2818191113FB9C70007F4D44 /* iTrackMe2 */,
			);
		};
/* End PBXProject section */

/* Begin PBXResourcesBuildPhase section */
		2818191013FB9C70007F4D44 /* Resources */ = {
			isa = PBXResourcesBuildPhase;
			buildActionMask = 2147483647;
			files = (
				2818192113FB9C70007F4D44 /* InfoPlist.strings in Resources */,
				2818193313FB9C70007F4D44 /* MainViewController_iPhone.xib in Resources */,
				2818193613FB9C70007F4D44 /* MainViewController_iPad.xib in Resources */,
				2818193913FB9C70007F4D44 /* FlipsideViewController.xib in Resources */,
			);
			runOnlyForDeploymentPostprocessing = 0;
		};
/* End PBXResourcesBuildPhase section */

/* Begin PBXSourcesBuildPhase section */
		2818190E13FB9C70007F4D44 /* Sources */ = {
			isa = PBXSourcesBuildPhase;
			buildActionMask = 2147483647;
			files = (
				2818192313FB9C70007F4D44 /* main.m in Sources */,
				2818192713FB9C70007F4D44 /* AppDelegate.m in Sources */,
				2818192A13FB9C70007F4D44 /* iTrackMe2.xcdatamodeld in Sources */,
				2818192D13FB9C70007F4D44 /* MainViewController.m in Sources */,
				2818193013FB9C70007F4D44 /* FlipsideViewController.m in Sources */,
				2818194113FB9C9D007F4D44 /* MyCLController.m in Sources */,
			);
			runOnlyForDeploymentPostprocessing = 0;
		};
/* End PBXSourcesBuildPhase section */

/* Begin PBXVariantGroup section */
		2818191F13FB9C70007F4D44 /* InfoPlist.strings */ = {
			isa = PBXVariantGroup;
			children = (
				2818192013FB9C70007F4D44 /* en */,
			);
			name = InfoPlist.strings;
			sourceTree = "<group>";
		};
		2818193113FB9C70007F4D44 /* MainViewController_iPhone.xib */ = {
			isa = PBXVariantGroup;
			children = (
				2818193213FB9C70007F4D44 /* en */,
			);
			name = MainViewController_iPhone.xib;
			sourceTree = "<group>";
		};
		2818193413FB9C70007F4D44 /* MainViewController_iPad.xib */ = {
			isa = PBXVariantGroup;
			children = (
				2818193513FB9C70007F4D44 /* en */,
			);
			name = MainViewController_iPad.xib;
			sourceTree = "<group>";
		};
		2818193713FB9C70007F4D44 /* FlipsideViewController.xib */ = {
			isa = PBXVariantGroup;
			children = (
				2818193813FB9C70007F4D44 /* en */,
			);
			name = FlipsideViewController.xib;
			sourceTree = "<group>";
		};
/* End PBXVariantGroup section */

/* Begin XCBuildConfiguration section */
		2818193A13FB9C70007F4D44 /* Debug */ = {
			isa = XCBuildConfiguration;
			buildSettings = {
				ALWAYS_SEARCH_USER_PATHS = NO;
				ARCHS = "$(ARCHS_STANDARD_32_BIT)";
				CLANG_ENABLE_OBJC_ARC = YES;
				"CODE_SIGN_IDENTITY[sdk=iphoneos*]" = "iPhone Developer";
				COPY_PHASE_STRIP = NO;
				GCC_C_LANGUAGE_STANDARD = gnu99;
				GCC_DYNAMIC_NO_PIC = NO;
				GCC_OPTIMIZATION_LEVEL = 0;
				GCC_PREPROCESSOR_DEFINITIONS = (
					"DEBUG=1",
					"$(inherited)",
				);
				GCC_SYMBOLS_PRIVATE_EXTERN = NO;
				GCC_VERSION = com.apple.compilers.llvm.clang.1_0;
				GCC_WARN_ABOUT_MISSING_PROTOTYPES = YES;
				GCC_WARN_ABOUT_RETURN_TYPE = YES;
				GCC_WARN_UNUSED_VARIABLE = YES;
				IPHONEOS_DEPLOYMENT_TARGET = 5.0;
				SDKROOT = iphoneos;
				TARGETED_DEVICE_FAMILY = "1,2";
			};
			name = Debug;
		};
		2818193B13FB9C70007F4D44 /* Release */ = {
			isa = XCBuildConfiguration;
			buildSettings = {
				ALWAYS_SEARCH_USER_PATHS = NO;
				ARCHS = "$(ARCHS_STANDARD_32_BIT)";
				CLANG_ENABLE_OBJC_ARC = YES;
				"CODE_SIGN_IDENTITY[sdk=iphoneos*]" = "iPhone Developer";
				COPY_PHASE_STRIP = YES;
				GCC_C_LANGUAGE_STANDARD = gnu99;
				GCC_VERSION = com.apple.compilers.llvm.clang.1_0;
				GCC_WARN_ABOUT_MISSING_PROTOTYPES = YES;
				GCC_WARN_ABOUT_RETURN_TYPE = YES;
				GCC_WARN_UNUSED_VARIABLE = YES;
				IPHONEOS_DEPLOYMENT_TARGET = 5.0;
				OTHER_CFLAGS = "-DNS_BLOCK_ASSERTIONS=1";
				SDKROOT = iphoneos;
				TARGETED_DEVICE_FAMILY = "1,2";
				VALIDATE_PRODUCT = YES;
			};
			name = Release;
		};
		2818193D13FB9C71007F4D44 /* Debug */ = {
			isa = XCBuildConfiguration;
			buildSettings = {
				GCC_PRECOMPILE_PREFIX_HEADER = YES;
				GCC_PREFIX_HEADER = "iTrackMe2/iTrackMe2-Prefix.pch";
				INFOPLIST_FILE = "iTrackMe2/iTrackMe2-Info.plist";
				PRODUCT_NAME = "$(TARGET_NAME)";
				WRAPPER_EXTENSION = app;
			};
			name = Debug;
		};
		2818193E13FB9C71007F4D44 /* Release */ = {
			isa = XCBuildConfiguration;
			buildSettings = {
				GCC_PRECOMPILE_PREFIX_HEADER = YES;
				GCC_PREFIX_HEADER = "iTrackMe2/iTrackMe2-Prefix.pch";
				INFOPLIST_FILE = "iTrackMe2/iTrackMe2-Info.plist";
				PRODUCT_NAME = "$(TARGET_NAME)";
				WRAPPER_EXTENSION = app;
			};
			name = Release;
		};
/* End XCBuildConfiguration section */

/* Begin XCConfigurationList section */
		2818190C13FB9C70007F4D44 /* Build configuration list for PBXProject "iTrackMe2" */ = {
			isa = XCConfigurationList;
			buildConfigurations = (
				2818193A13FB9C70007F4D44 /* Debug */,
				2818193B13FB9C70007F4D44 /* Release */,
			);
			defaultConfigurationIsVisible = 0;
			defaultConfigurationName = Release;
		};
		2818193C13FB9C71007F4D44 /* Build configuration list for PBXNativeTarget "iTrackMe2" */ = {
			isa = XCConfigurationList;
			buildConfigurations = (
				2818193D13FB9C71007F4D44 /* Debug */,
				2818193E13FB9C71007F4D44 /* Release */,
			);
			defaultConfigurationIsVisible = 0;
		};
/* End XCConfigurationList section */

/* Begin XCVersionGroup section */
		2818192813FB9C70007F4D44 /* iTrackMe2.xcdatamodeld */ = {
			isa = XCVersionGroup;
			children = (
				2818192913FB9C70007F4D44 /* iTrackMe2.xcdatamodel */,
			);
			currentVersion = 2818192913FB9C70007F4D44 /* iTrackMe2.xcdatamodel */;
			path = iTrackMe2.xcdatamodeld;
			sourceTree = "<group>";
			versionGroupType = wrapper.xcdatamodel;
		};
/* End XCVersionGroup section */
	};
	rootObject = 2818190913FB9C70007F4D44 /* Project object */;
}
